{
  "name": "servicenow-agent",
  "lockfileVersion": 3,
  "requires": true,
  "packages": {
    "": {
      "dependencies": {
        "servicenow-agent": "file:../.."
      }
    },
    "../..": {
      "version": "1.0.0"
    },
    "node_modules/servicenow-agent": {
      "resolved": "../..",
      "link": true
    }
  }
}
